
Microsoft Visual Studio Solution File, Format Version 12.00
# Visual Studio Version 17
VisualStudioVersion = 17.7.34031.279
MinimumVisualStudioVersion = 10.0.40219.1
Project("{FAE04EC0-301F-11D3-BF4B-00C04F79EFBC}") = "ConsoleApp1", "ConsoleApp1\ConsoleApp1.csproj", "{BA51F424-9050-4487-BEC4-4DFADAAA6E14}"
EndProject
Global
	GlobalSection(SolutionConfigurationPlatforms) = preSolution
		Debug|Any CPU = Debug|Any CPU
		Release|Any CPU = Release|Any CPU
	EndGlobalSection
	GlobalSection(ProjectConfigurationPlatforms) = postSolution
		{BA51F424-9050-4487-BEC4-4DFADAAA6E14}.Debug|Any CPU.ActiveCfg = Debug|Any CPU
		{BA51F424-9050-4487-BEC4-4DFADAAA6E14}.Debug|Any CPU.Build.0 = Debug|Any CPU
		{BA51F424-9050-4487-BEC4-4DFADAAA6E14}.Release|Any CPU.ActiveCfg = Release|Any CPU
		{BA51F424-9050-4487-BEC4-4DFADAAA6E14}.Release|Any CPU.Build.0 = Release|Any CPU
	EndGlobalSection
	GlobalSection(SolutionProperties) = preSolution
		HideSolutionNode = FALSE
	EndGlobalSection
	GlobalSection(ExtensibilityGlobals) = postSolution
		SolutionGuid = {3ADF45A1-DA7A-452F-B263-10CE3A5A5B95}
	EndGlobalSection
EndGlobal
