
Microsoft Visual Studio Solution File, Format Version 12.00
# Visual Studio Version 17
VisualStudioVersion = 17.7.34031.279
MinimumVisualStudioVersion = 10.0.40219.1
Project("{FAE04EC0-301F-11D3-BF4B-00C04F79EFBC}") = "Exercise2", "Exercise2\Exercise2.csproj", "{A2E65CF1-0BA3-4005-AA36-27B0A7CF6643}"
EndProject
Global
	GlobalSection(SolutionConfigurationPlatforms) = preSolution
		Debug|Any CPU = Debug|Any CPU
		Release|Any CPU = Release|Any CPU
	EndGlobalSection
	GlobalSection(ProjectConfigurationPlatforms) = postSolution
		{A2E65CF1-0BA3-4005-AA36-27B0A7CF6643}.Debug|Any CPU.ActiveCfg = Debug|Any CPU
		{A2E65CF1-0BA3-4005-AA36-27B0A7CF6643}.Debug|Any CPU.Build.0 = Debug|Any CPU
		{A2E65CF1-0BA3-4005-AA36-27B0A7CF6643}.Release|Any CPU.ActiveCfg = Release|Any CPU
		{A2E65CF1-0BA3-4005-AA36-27B0A7CF6643}.Release|Any CPU.Build.0 = Release|Any CPU
	EndGlobalSection
	GlobalSection(SolutionProperties) = preSolution
		HideSolutionNode = FALSE
	EndGlobalSection
	GlobalSection(ExtensibilityGlobals) = postSolution
		SolutionGuid = {084D1669-01C1-40BE-9791-3664D7C66803}
	EndGlobalSection
EndGlobal
